
Microsoft Visual Studio Solution File, Format Version 12.00
# Visual Studio for Mac
Project("{FAE04EC0-301F-11D3-BF4B-00C04F79EFBC}") = "Assembly-CSharp", "Assembly-CSharp.csproj", "{16B4A6AE-5F88-C722-FD08-4E438BCDA024}"
EndProject
Project("{FAE04EC0-301F-11D3-BF4B-00C04F79EFBC}") = "Assembly-CSharp-firstpass", "Assembly-CSharp-firstpass.csproj", "{B3A9CEB6-FFB0-08B8-738D-8F16909B1F9E}"
EndProject
Global
	GlobalSection(SolutionConfigurationPlatforms) = preSolution
		Debug|Any CPU = Debug|Any CPU
		Release|Any CPU = Release|Any CPU
	EndGlobalSection
	GlobalSection(ProjectConfigurationPlatforms) = postSolution
		{16B4A6AE-5F88-C722-FD08-4E438BCDA024}.Debug|Any CPU.ActiveCfg = Debug|Any CPU
		{16B4A6AE-5F88-C722-FD08-4E438BCDA024}.Debug|Any CPU.Build.0 = Debug|Any CPU
		{16B4A6AE-5F88-C722-FD08-4E438BCDA024}.Release|Any CPU.ActiveCfg = Release|Any CPU
		{16B4A6AE-5F88-C722-FD08-4E438BCDA024}.Release|Any CPU.Build.0 = Release|Any CPU
		{B3A9CEB6-FFB0-08B8-738D-8F16909B1F9E}.Debug|Any CPU.ActiveCfg = Debug|Any CPU
		{B3A9CEB6-FFB0-08B8-738D-8F16909B1F9E}.Debug|Any CPU.Build.0 = Debug|Any CPU
		{B3A9CEB6-FFB0-08B8-738D-8F16909B1F9E}.Release|Any CPU.ActiveCfg = Release|Any CPU
		{B3A9CEB6-FFB0-08B8-738D-8F16909B1F9E}.Release|Any CPU.Build.0 = Release|Any CPU
	EndGlobalSection
	GlobalSection(SolutionProperties) = preSolution
		HideSolutionNode = FALSE
	EndGlobalSection
EndGlobal
